// !$*UTF8*$!
{
	archiveVersion = 1;
	classes = {
	};
	objectVersion = 51;
	objects = {

/* Begin PBXBuildFile section */
		170FED65B36C2B4B184E0F41 /* Pods_InstagramCloneFirestore.framework in Frameworks */ = {isa = PBXBuildFile; fileRef = 5A3DF12C95D3CCC70C48CE80 /* Pods_InstagramCloneFirestore.framework */; };
		3C120C6E271B307600164EDA /* UploadPostController.swift in Sources */ = {isa = PBXBuildFile; fileRef = 3C120C6D271B307600164EDA /* UploadPostController.swift */; };
		3C120C71271B354300164EDA /* InputTextView.swift in Sources */ = {isa = PBXBuildFile; fileRef = 3C120C70271B354300164EDA /* InputTextView.swift */; };
		3C120C74271F420000164EDA /* PostService.swift in Sources */ = {isa = PBXBuildFile; fileRef = 3C120C73271F420000164EDA /* PostService.swift */; };
		3C120C77271F559B00164EDA /* Post.swift in Sources */ = {isa = PBXBuildFile; fileRef = 3C120C76271F559B00164EDA /* Post.swift */; };
		3C120C7A272352F900164EDA /* PostViewModel.swift in Sources */ = {isa = PBXBuildFile; fileRef = 3C120C79272352F900164EDA /* PostViewModel.swift */; };
		3C120C7D2725F76600164EDA /* CommentController.swift in Sources */ = {isa = PBXBuildFile; fileRef = 3C120C7C2725F76600164EDA /* CommentController.swift */; };
		3C120C802725F9CE00164EDA /* CommentCell.swift in Sources */ = {isa = PBXBuildFile; fileRef = 3C120C7F2725F9CE00164EDA /* CommentCell.swift */; };
		3C120C832726049500164EDA /* CommentInputAccessoryView.swift in Sources */ = {isa = PBXBuildFile; fileRef = 3C120C822726049500164EDA /* CommentInputAccessoryView.swift */; };
		3C120C862727186E00164EDA /* CommentService.swift in Sources */ = {isa = PBXBuildFile; fileRef = 3C120C852727186E00164EDA /* CommentService.swift */; };
		3C120C8927271E2400164EDA /* Comment.swift in Sources */ = {isa = PBXBuildFile; fileRef = 3C120C8827271E2400164EDA /* Comment.swift */; };
		3C120C8C2727248200164EDA /* CommentViewModel.swift in Sources */ = {isa = PBXBuildFile; fileRef = 3C120C8B2727248200164EDA /* CommentViewModel.swift */; };
		3C3BE0E8272ADF78004AB0D8 /* NotificationCell.swift in Sources */ = {isa = PBXBuildFile; fileRef = 3C3BE0E7272ADF78004AB0D8 /* NotificationCell.swift */; };
		3C3BE0ED272AE982004AB0D8 /* Notification.swift in Sources */ = {isa = PBXBuildFile; fileRef = 3C3BE0EC272AE982004AB0D8 /* Notification.swift */; };
		3C3BE0F0272AED28004AB0D8 /* NotificationService.swift in Sources */ = {isa = PBXBuildFile; fileRef = 3C3BE0EF272AED28004AB0D8 /* NotificationService.swift */; };
		3C3BE0F3272C422B004AB0D8 /* NotificationViewModel.swift in Sources */ = {isa = PBXBuildFile; fileRef = 3C3BE0F2272C422B004AB0D8 /* NotificationViewModel.swift */; };
		3C74DC0C2708ECEC00F0D7DB /* AppDelegate.swift in Sources */ = {isa = PBXBuildFile; fileRef = 3C74DC0B2708ECEC00F0D7DB /* AppDelegate.swift */; };
		3C74DC0E2708ECEC00F0D7DB /* SceneDelegate.swift in Sources */ = {isa = PBXBuildFile; fileRef = 3C74DC0D2708ECEC00F0D7DB /* SceneDelegate.swift */; };
		3C74DC152708ECF600F0D7DB /* Assets.xcassets in Resources */ = {isa = PBXBuildFile; fileRef = 3C74DC142708ECF600F0D7DB /* Assets.xcassets */; };
		3C74DC182708ECF600F0D7DB /* LaunchScreen.storyboard in Resources */ = {isa = PBXBuildFile; fileRef = 3C74DC162708ECF600F0D7DB /* LaunchScreen.storyboard */; };
		3C74DC2D2708EDE400F0D7DB /* MainTabController.swift in Sources */ = {isa = PBXBuildFile; fileRef = 3C74DC2C2708EDE400F0D7DB /* MainTabController.swift */; };
		3C74DC312708F00B00F0D7DB /* FeedController.swift in Sources */ = {isa = PBXBuildFile; fileRef = 3C74DC302708F00B00F0D7DB /* FeedController.swift */; };
		3C74DC342708F01500F0D7DB /* SearchController.swift in Sources */ = {isa = PBXBuildFile; fileRef = 3C74DC332708F01500F0D7DB /* SearchController.swift */; };
		3C74DC372708F05500F0D7DB /* ImageSelectorController.swift in Sources */ = {isa = PBXBuildFile; fileRef = 3C74DC362708F05500F0D7DB /* ImageSelectorController.swift */; };
		3C74DC3B2708F08200F0D7DB /* NotificationController.swift in Sources */ = {isa = PBXBuildFile; fileRef = 3C74DC3A2708F08200F0D7DB /* NotificationController.swift */; };
		3C74DC3E2708F08B00F0D7DB /* ProfileController.swift in Sources */ = {isa = PBXBuildFile; fileRef = 3C74DC3D2708F08B00F0D7DB /* ProfileController.swift */; };
		3C74DC432708FB6200F0D7DB /* FeedCell.swift in Sources */ = {isa = PBXBuildFile; fileRef = 3C74DC422708FB6200F0D7DB /* FeedCell.swift */; };
		3C74DC472708FC9C00F0D7DB /* Extensions.swift in Sources */ = {isa = PBXBuildFile; fileRef = 3C74DC462708FC9C00F0D7DB /* Extensions.swift */; };
		3CBD6E862711DD8F0030F2F3 /* LoginController.swift in Sources */ = {isa = PBXBuildFile; fileRef = 3CBD6E852711DD8F0030F2F3 /* LoginController.swift */; };
		3CBD6E8A2711DD9F0030F2F3 /* RegistrationController.swift in Sources */ = {isa = PBXBuildFile; fileRef = 3CBD6E892711DD9F0030F2F3 /* RegistrationController.swift */; };
		3CBD6E8D2711E9DC0030F2F3 /* CustomTextField.swift in Sources */ = {isa = PBXBuildFile; fileRef = 3CBD6E8C2711E9DC0030F2F3 /* CustomTextField.swift */; };
		3CBD6E932711FC0C0030F2F3 /* AuthenticationViewModel.swift in Sources */ = {isa = PBXBuildFile; fileRef = 3CBD6E922711FC0C0030F2F3 /* AuthenticationViewModel.swift */; };
		3CBD6E97271219270030F2F3 /* GoogleService-Info.plist in Resources */ = {isa = PBXBuildFile; fileRef = 3CBD6E96271219270030F2F3 /* GoogleService-Info.plist */; };
		3CBD6FB42714E89F0030F2F3 /* ImageUploader.swift in Sources */ = {isa = PBXBuildFile; fileRef = 3CBD6FB32714E89F0030F2F3 /* ImageUploader.swift */; };
		3CBD6FB72714E8AD0030F2F3 /* AuthService.swift in Sources */ = {isa = PBXBuildFile; fileRef = 3CBD6FB62714E8AD0030F2F3 /* AuthService.swift */; };
		3CBD6FD627161B870030F2F3 /* ProfileCell.swift in Sources */ = {isa = PBXBuildFile; fileRef = 3CBD6FD527161B870030F2F3 /* ProfileCell.swift */; };
		3CBD6FD927161B9F0030F2F3 /* ProfileHeader.swift in Sources */ = {isa = PBXBuildFile; fileRef = 3CBD6FD827161B9F0030F2F3 /* ProfileHeader.swift */; };
		3CBD6FDF27162FB00030F2F3 /* UserService.swift in Sources */ = {isa = PBXBuildFile; fileRef = 3CBD6FDE27162FB00030F2F3 /* UserService.swift */; };
		3CBD6FE227162FEF0030F2F3 /* Constants.swift in Sources */ = {isa = PBXBuildFile; fileRef = 3CBD6FE127162FEF0030F2F3 /* Constants.swift */; };
		3CBD6FE52716322A0030F2F3 /* User.swift in Sources */ = {isa = PBXBuildFile; fileRef = 3CBD6FE42716322A0030F2F3 /* User.swift */; };
		3CBD6FE82716386B0030F2F3 /* ProfileHeaderViewModel.swift in Sources */ = {isa = PBXBuildFile; fileRef = 3CBD6FE72716386B0030F2F3 /* ProfileHeaderViewModel.swift */; };
		3CBD6FF92717FEA90030F2F3 /* UserCell.swift in Sources */ = {isa = PBXBuildFile; fileRef = 3CBD6FF82717FEA80030F2F3 /* UserCell.swift */; };
		3CBD6FFC2718B8780030F2F3 /* UserCellViewModel.swift in Sources */ = {isa = PBXBuildFile; fileRef = 3CBD6FFB2718B8780030F2F3 /* UserCellViewModel.swift */; };
		3CE7E38B272D59D800BF540B /* ResetPasswordController.swift in Sources */ = {isa = PBXBuildFile; fileRef = 3CE7E38A272D59D800BF540B /* ResetPasswordController.swift */; };
/* End PBXBuildFile section */

/* Begin PBXFileReference section */
		0F9E76E22FC0FDB629AE7330 /* Pods-InstagramCloneFirestore.debug.xcconfig */ = {isa = PBXFileReference; includeInIndex = 1; lastKnownFileType = text.xcconfig; name = "Pods-InstagramCloneFirestore.debug.xcconfig"; path = "Target Support Files/Pods-InstagramCloneFirestore/Pods-InstagramCloneFirestore.debug.xcconfig"; sourceTree = "<group>"; };
		3C120C6D271B307600164EDA /* UploadPostController.swift */ = {isa = PBXFileReference; lastKnownFileType = sourcecode.swift; path = UploadPostController.swift; sourceTree = "<group>"; };
		3C120C70271B354300164EDA /* InputTextView.swift */ = {isa = PBXFileReference; lastKnownFileType = sourcecode.swift; path = InputTextView.swift; sourceTree = "<group>"; };
		3C120C73271F420000164EDA /* PostService.swift */ = {isa = PBXFileReference; lastKnownFileType = sourcecode.swift; path = PostService.swift; sourceTree = "<group>"; };
		3C120C76271F559B00164EDA /* Post.swift */ = {isa = PBXFileReference; lastKnownFileType = sourcecode.swift; path = Post.swift; sourceTree = "<group>"; };
		3C120C79272352F900164EDA /* PostViewModel.swift */ = {isa = PBXFileReference; lastKnownFileType = sourcecode.swift; path = PostViewModel.swift; sourceTree = "<group>"; };
		3C120C7C2725F76600164EDA /* CommentController.swift */ = {isa = PBXFileReference; lastKnownFileType = sourcecode.swift; path = CommentController.swift; sourceTree = "<group>"; };
		3C120C7F2725F9CE00164EDA /* CommentCell.swift */ = {isa = PBXFileReference; lastKnownFileType = sourcecode.swift; path = CommentCell.swift; sourceTree = "<group>"; };
		3C120C822726049500164EDA /* CommentInputAccessoryView.swift */ = {isa = PBXFileReference; lastKnownFileType = sourcecode.swift; path = CommentInputAccessoryView.swift; sourceTree = "<group>"; };
		3C120C852727186E00164EDA /* CommentService.swift */ = {isa = PBXFileReference; lastKnownFileType = sourcecode.swift; path = CommentService.swift; sourceTree = "<group>"; };
		3C120C8827271E2400164EDA /* Comment.swift */ = {isa = PBXFileReference; lastKnownFileType = sourcecode.swift; path = Comment.swift; sourceTree = "<group>"; };
		3C120C8B2727248200164EDA /* CommentViewModel.swift */ = {isa = PBXFileReference; lastKnownFileType = sourcecode.swift; path = CommentViewModel.swift; sourceTree = "<group>"; };
		3C3BE0E7272ADF78004AB0D8 /* NotificationCell.swift */ = {isa = PBXFileReference; lastKnownFileType = sourcecode.swift; path = NotificationCell.swift; sourceTree = "<group>"; };
		3C3BE0EC272AE982004AB0D8 /* Notification.swift */ = {isa = PBXFileReference; lastKnownFileType = sourcecode.swift; path = Notification.swift; sourceTree = "<group>"; };
		3C3BE0EF272AED28004AB0D8 /* NotificationService.swift */ = {isa = PBXFileReference; lastKnownFileType = sourcecode.swift; path = NotificationService.swift; sourceTree = "<group>"; };
		3C3BE0F2272C422B004AB0D8 /* NotificationViewModel.swift */ = {isa = PBXFileReference; lastKnownFileType = sourcecode.swift; path = NotificationViewModel.swift; sourceTree = "<group>"; };
		3C74DC082708ECEC00F0D7DB /* InstagramCloneFirestore.app */ = {isa = PBXFileReference; explicitFileType = wrapper.application; includeInIndex = 0; path = InstagramCloneFirestore.app; sourceTree = BUILT_PRODUCTS_DIR; };
		3C74DC0B2708ECEC00F0D7DB /* AppDelegate.swift */ = {isa = PBXFileReference; lastKnownFileType = sourcecode.swift; path = AppDelegate.swift; sourceTree = "<group>"; };
		3C74DC0D2708ECEC00F0D7DB /* SceneDelegate.swift */ = {isa = PBXFileReference; lastKnownFileType = sourcecode.swift; path = SceneDelegate.swift; sourceTree = "<group>"; };
		3C74DC142708ECF600F0D7DB /* Assets.xcassets */ = {isa = PBXFileReference; lastKnownFileType = folder.assetcatalog; path = Assets.xcassets; sourceTree = "<group>"; };
		3C74DC172708ECF600F0D7DB /* Base */ = {isa = PBXFileReference; lastKnownFileType = file.storyboard; name = Base; path = Base.lproj/LaunchScreen.storyboard; sourceTree = "<group>"; };
		3C74DC192708ECF600F0D7DB /* Info.plist */ = {isa = PBXFileReference; lastKnownFileType = text.plist.xml; path = Info.plist; sourceTree = "<group>"; };
		3C74DC2C2708EDE400F0D7DB /* MainTabController.swift */ = {isa = PBXFileReference; lastKnownFileType = sourcecode.swift; path = MainTabController.swift; sourceTree = "<group>"; };
		3C74DC302708F00B00F0D7DB /* FeedController.swift */ = {isa = PBXFileReference; lastKnownFileType = sourcecode.swift; path = FeedController.swift; sourceTree = "<group>"; };
		3C74DC332708F01500F0D7DB /* SearchController.swift */ = {isa = PBXFileReference; lastKnownFileType = sourcecode.swift; path = SearchController.swift; sourceTree = "<group>"; };
		3C74DC362708F05500F0D7DB /* ImageSelectorController.swift */ = {isa = PBXFileReference; lastKnownFileType = sourcecode.swift; path = ImageSelectorController.swift; sourceTree = "<group>"; };
		3C74DC3A2708F08200F0D7DB /* NotificationController.swift */ = {isa = PBXFileReference; lastKnownFileType = sourcecode.swift; path = NotificationController.swift; sourceTree = "<group>"; };
		3C74DC3D2708F08B00F0D7DB /* ProfileController.swift */ = {isa = PBXFileReference; lastKnownFileType = sourcecode.swift; path = ProfileController.swift; sourceTree = "<group>"; };
		3C74DC422708FB6200F0D7DB /* FeedCell.swift */ = {isa = PBXFileReference; lastKnownFileType = sourcecode.swift; path = FeedCell.swift; sourceTree = "<group>"; };
		3C74DC462708FC9C00F0D7DB /* Extensions.swift */ = {isa = PBXFileReference; lastKnownFileType = sourcecode.swift; path = Extensions.swift; sourceTree = "<group>"; };
		3CBD6E852711DD8F0030F2F3 /* LoginController.swift */ = {isa = PBXFileReference; lastKnownFileType = sourcecode.swift; path = LoginController.swift; sourceTree = "<group>"; };
		3CBD6E892711DD9F0030F2F3 /* RegistrationController.swift */ = {isa = PBXFileReference; lastKnownFileType = sourcecode.swift; path = RegistrationController.swift; sourceTree = "<group>"; };
		3CBD6E8C2711E9DC0030F2F3 /* CustomTextField.swift */ = {isa = PBXFileReference; lastKnownFileType = sourcecode.swift; path = CustomTextField.swift; sourceTree = "<group>"; };
		3CBD6E922711FC0C0030F2F3 /* AuthenticationViewModel.swift */ = {isa = PBXFileReference; lastKnownFileType = sourcecode.swift; path = AuthenticationViewModel.swift; sourceTree = "<group>"; };
		3CBD6E96271219270030F2F3 /* GoogleService-Info.plist */ = {isa = PBXFileReference; fileEncoding = 4; lastKnownFileType = text.plist.xml; path = "GoogleService-Info.plist"; sourceTree = "<group>"; };
		3CBD6FB32714E89F0030F2F3 /* ImageUploader.swift */ = {isa = PBXFileReference; lastKnownFileType = sourcecode.swift; path = ImageUploader.swift; sourceTree = "<group>"; };
		3CBD6FB62714E8AD0030F2F3 /* AuthService.swift */ = {isa = PBXFileReference; lastKnownFileType = sourcecode.swift; path = AuthService.swift; sourceTree = "<group>"; };
		3CBD6FD527161B870030F2F3 /* ProfileCell.swift */ = {isa = PBXFileReference; lastKnownFileType = sourcecode.swift; path = ProfileCell.swift; sourceTree = "<group>"; };
		3CBD6FD827161B9F0030F2F3 /* ProfileHeader.swift */ = {isa = PBXFileReference; lastKnownFileType = sourcecode.swift; path = ProfileHeader.swift; sourceTree = "<group>"; };
		3CBD6FDE27162FB00030F2F3 /* UserService.swift */ = {isa = PBXFileReference; lastKnownFileType = sourcecode.swift; path = UserService.swift; sourceTree = "<group>"; };
		3CBD6FE127162FEF0030F2F3 /* Constants.swift */ = {isa = PBXFileReference; lastKnownFileType = sourcecode.swift; path = Constants.swift; sourceTree = "<group>"; };
		3CBD6FE42716322A0030F2F3 /* User.swift */ = {isa = PBXFileReference; lastKnownFileType = sourcecode.swift; path = User.swift; sourceTree = "<group>"; };
		3CBD6FE72716386B0030F2F3 /* ProfileHeaderViewModel.swift */ = {isa = PBXFileReference; lastKnownFileType = sourcecode.swift; path = ProfileHeaderViewModel.swift; sourceTree = "<group>"; };
		3CBD6FF82717FEA80030F2F3 /* UserCell.swift */ = {isa = PBXFileReference; lastKnownFileType = sourcecode.swift; path = UserCell.swift; sourceTree = "<group>"; };
		3CBD6FFB2718B8780030F2F3 /* UserCellViewModel.swift */ = {isa = PBXFileReference; lastKnownFileType = sourcecode.swift; path = UserCellViewModel.swift; sourceTree = "<group>"; };
		3CE7E38A272D59D800BF540B /* ResetPasswordController.swift */ = {isa = PBXFileReference; lastKnownFileType = sourcecode.swift; path = ResetPasswordController.swift; sourceTree = "<group>"; };
		5A3DF12C95D3CCC70C48CE80 /* Pods_InstagramCloneFirestore.framework */ = {isa = PBXFileReference; explicitFileType = wrapper.framework; includeInIndex = 0; path = Pods_InstagramCloneFirestore.framework; sourceTree = BUILT_PRODUCTS_DIR; };
		F91DBC3E93255FB03F28EC0C /* Pods-InstagramCloneFirestore.release.xcconfig */ = {isa = PBXFileReference; includeInIndex = 1; lastKnownFileType = text.xcconfig; name = "Pods-InstagramCloneFirestore.release.xcconfig"; path = "Target Support Files/Pods-InstagramCloneFirestore/Pods-InstagramCloneFirestore.release.xcconfig"; sourceTree = "<group>"; };
/* End PBXFileReference section */

/* Begin PBXFrameworksBuildPhase section */
		3C74DC052708ECEC00F0D7DB /* Frameworks */ = {
			isa = PBXFrameworksBuildPhase;
			buildActionMask = 2147483647;
			files = (
				170FED65B36C2B4B184E0F41 /* Pods_InstagramCloneFirestore.framework in Frameworks */,
			);
			runOnlyForDeploymentPostprocessing = 0;
		};
/* End PBXFrameworksBuildPhase section */

/* Begin PBXGroup section */
		24D1B7C2A6F99D4D0C37B9E6 /* Pods */ = {
			isa = PBXGroup;
			children = (
				0F9E76E22FC0FDB629AE7330 /* Pods-InstagramCloneFirestore.debug.xcconfig */,
				F91DBC3E93255FB03F28EC0C /* Pods-InstagramCloneFirestore.release.xcconfig */,
			);
			path = Pods;
			sourceTree = "<group>";
		};
		3C74DBFF2708ECEC00F0D7DB = {
			isa = PBXGroup;
			children = (
				3C74DC0A2708ECEC00F0D7DB /* InstagramCloneFirestore */,
				3C74DC092708ECEC00F0D7DB /* Products */,
				24D1B7C2A6F99D4D0C37B9E6 /* Pods */,
				B8371A3BA742497779A664AB /* Frameworks */,
			);
			sourceTree = "<group>";
		};
		3C74DC092708ECEC00F0D7DB /* Products */ = {
			isa = PBXGroup;
			children = (
				3C74DC082708ECEC00F0D7DB /* InstagramCloneFirestore.app */,
			);
			name = Products;
			sourceTree = "<group>";
		};
		3C74DC0A2708ECEC00F0D7DB /* InstagramCloneFirestore */ = {
			isa = PBXGroup;
			children = (
				3C74DC2B2708ED4500F0D7DB /* Model */,
				3C74DC2A2708ED4300F0D7DB /* View */,
				3C74DC292708ED4100F0D7DB /* ViewModel */,
				3C74DC282708ED3F00F0D7DB /* Controller */,
				3C74DC272708ED3C00F0D7DB /* API */,
				3C74DC262708ED3800F0D7DB /* Utils */,
				3C74DC0B2708ECEC00F0D7DB /* AppDelegate.swift */,
				3C74DC0D2708ECEC00F0D7DB /* SceneDelegate.swift */,
				3C74DC142708ECF600F0D7DB /* Assets.xcassets */,
				3C74DC162708ECF600F0D7DB /* LaunchScreen.storyboard */,
				3CBD6E96271219270030F2F3 /* GoogleService-Info.plist */,
				3C74DC192708ECF600F0D7DB /* Info.plist */,
			);
			path = InstagramCloneFirestore;
			sourceTree = "<group>";
		};
		3C74DC262708ED3800F0D7DB /* Utils */ = {
			isa = PBXGroup;
			children = (
				3C74DC462708FC9C00F0D7DB /* Extensions.swift */,
				3CBD6FE127162FEF0030F2F3 /* Constants.swift */,
				3C120C70271B354300164EDA /* InputTextView.swift */,
			);
			path = Utils;
			sourceTree = "<group>";
		};
		3C74DC272708ED3C00F0D7DB /* API */ = {
			isa = PBXGroup;
			children = (
				3CBD6FB32714E89F0030F2F3 /* ImageUploader.swift */,
				3CBD6FB62714E8AD0030F2F3 /* AuthService.swift */,
				3CBD6FDE27162FB00030F2F3 /* UserService.swift */,
				3C120C73271F420000164EDA /* PostService.swift */,
				3C120C852727186E00164EDA /* CommentService.swift */,
				3C3BE0EF272AED28004AB0D8 /* NotificationService.swift */,
			);
			path = API;
			sourceTree = "<group>";
		};
		3C74DC282708ED3F00F0D7DB /* Controller */ = {
			isa = PBXGroup;
			children = (
				3CBD6E842711DD4D0030F2F3 /* Authentication */,
				3C74DC2C2708EDE400F0D7DB /* MainTabController.swift */,
				3C74DC302708F00B00F0D7DB /* FeedController.swift */,
				3C74DC332708F01500F0D7DB /* SearchController.swift */,
				3C74DC362708F05500F0D7DB /* ImageSelectorController.swift */,
				3C74DC3A2708F08200F0D7DB /* NotificationController.swift */,
				3C74DC3D2708F08B00F0D7DB /* ProfileController.swift */,
				3C120C6D271B307600164EDA /* UploadPostController.swift */,
				3C120C7C2725F76600164EDA /* CommentController.swift */,
			);
			path = Controller;
			sourceTree = "<group>";
		};
		3C74DC292708ED4100F0D7DB /* ViewModel */ = {
			isa = PBXGroup;
			children = (
				3CBD6E922711FC0C0030F2F3 /* AuthenticationViewModel.swift */,
				3CBD6FE72716386B0030F2F3 /* ProfileHeaderViewModel.swift */,
				3CBD6FFB2718B8780030F2F3 /* UserCellViewModel.swift */,
				3C120C79272352F900164EDA /* PostViewModel.swift */,
				3C120C8B2727248200164EDA /* CommentViewModel.swift */,
				3C3BE0F2272C422B004AB0D8 /* NotificationViewModel.swift */,
			);
			path = ViewModel;
			sourceTree = "<group>";
		};
		3C74DC2A2708ED4300F0D7DB /* View */ = {
			isa = PBXGroup;
			children = (
				3CBD6FDB27161BB30030F2F3 /* Profile */,
				3C74DC422708FB6200F0D7DB /* FeedCell.swift */,
				3CBD6E8C2711E9DC0030F2F3 /* CustomTextField.swift */,
				3CBD6FF82717FEA80030F2F3 /* UserCell.swift */,
				3C120C7F2725F9CE00164EDA /* CommentCell.swift */,
				3C120C822726049500164EDA /* CommentInputAccessoryView.swift */,
				3C3BE0E7272ADF78004AB0D8 /* NotificationCell.swift */,
			);
			path = View;
			sourceTree = "<group>";
		};
		3C74DC2B2708ED4500F0D7DB /* Model */ = {
			isa = PBXGroup;
			children = (
				3CBD6FE42716322A0030F2F3 /* User.swift */,
				3C120C76271F559B00164EDA /* Post.swift */,
				3C120C8827271E2400164EDA /* Comment.swift */,
				3C3BE0EC272AE982004AB0D8 /* Notification.swift */,
			);
			path = Model;
			sourceTree = "<group>";
		};
		3CBD6E842711DD4D0030F2F3 /* Authentication */ = {
			isa = PBXGroup;
			children = (
				3CBD6E852711DD8F0030F2F3 /* LoginController.swift */,
				3CBD6E892711DD9F0030F2F3 /* RegistrationController.swift */,
				3CE7E38A272D59D800BF540B /* ResetPasswordController.swift */,
			);
			path = Authentication;
			sourceTree = "<group>";
		};
		3CBD6FDB27161BB30030F2F3 /* Profile */ = {
			isa = PBXGroup;
			children = (
				3CBD6FD527161B870030F2F3 /* ProfileCell.swift */,
				3CBD6FD827161B9F0030F2F3 /* ProfileHeader.swift */,
			);
			path = Profile;
			sourceTree = "<group>";
		};
		B8371A3BA742497779A664AB /* Frameworks */ = {
			isa = PBXGroup;
			children = (
				5A3DF12C95D3CCC70C48CE80 /* Pods_InstagramCloneFirestore.framework */,
			);
			name = Frameworks;
			sourceTree = "<group>";
		};
/* End PBXGroup section */

/* Begin PBXNativeTarget section */
		3C74DC072708ECEC00F0D7DB /* InstagramCloneFirestore */ = {
			isa = PBXNativeTarget;
			buildConfigurationList = 3C74DC1C2708ECF600F0D7DB /* Build configuration list for PBXNativeTarget "InstagramCloneFirestore" */;
			buildPhases = (
				9B47EF542D6EF44136739B3C /* [CP] Check Pods Manifest.lock */,
				3C74DC042708ECEC00F0D7DB /* Sources */,
				3C74DC052708ECEC00F0D7DB /* Frameworks */,
				3C74DC062708ECEC00F0D7DB /* Resources */,
				68E20D9D11340FA0BDED11B2 /* [CP] Embed Pods Frameworks */,
			);
			buildRules = (
			);
			dependencies = (
			);
			name = InstagramCloneFirestore;
			productName = InstagramCloneFirestore;
			productReference = 3C74DC082708ECEC00F0D7DB /* InstagramCloneFirestore.app */;
			productType = "com.apple.product-type.application";
		};
/* End PBXNativeTarget section */

/* Begin PBXProject section */
		3C74DC002708ECEC00F0D7DB /* Project object */ = {
			isa = PBXProject;
			attributes = {
				LastSwiftUpdateCheck = 1230;
				LastUpgradeCheck = 1230;
				TargetAttributes = {
					3C74DC072708ECEC00F0D7DB = {
						CreatedOnToolsVersion = 12.3;
					};
				};
			};
			buildConfigurationList = 3C74DC032708ECEC00F0D7DB /* Build configuration list for PBXProject "InstagramCloneFirestore" */;
			compatibilityVersion = "Xcode 9.3";
			developmentRegion = en;
			hasScannedForEncodings = 0;
			knownRegions = (
				en,
				Base,
			);
			mainGroup = 3C74DBFF2708ECEC00F0D7DB;
			productRefGroup = 3C74DC092708ECEC00F0D7DB /* Products */;
			projectDirPath = "";
			projectRoot = "";
			targets = (
				3C74DC072708ECEC00F0D7DB /* InstagramCloneFirestore */,
			);
		};
/* End PBXProject section */

/* Begin PBXResourcesBuildPhase section */
		3C74DC062708ECEC00F0D7DB /* Resources */ = {
			isa = PBXResourcesBuildPhase;
			buildActionMask = 2147483647;
			files = (
				3C74DC182708ECF600F0D7DB /* LaunchScreen.storyboard in Resources */,
				3C74DC152708ECF600F0D7DB /* Assets.xcassets in Resources */,
				3CBD6E97271219270030F2F3 /* GoogleService-Info.plist in Resources */,
			);
			runOnlyForDeploymentPostprocessing = 0;
		};
/* End PBXResourcesBuildPhase section */

/* Begin PBXShellScriptBuildPhase section */
		68E20D9D11340FA0BDED11B2 /* [CP] Embed Pods Frameworks */ = {
			isa = PBXShellScriptBuildPhase;
			buildActionMask = 2147483647;
			files = (
			);
			inputFileListPaths = (
				"${PODS_ROOT}/Target Support Files/Pods-InstagramCloneFirestore/Pods-InstagramCloneFirestore-frameworks-${CONFIGURATION}-input-files.xcfilelist",
			);
			name = "[CP] Embed Pods Frameworks";
			outputFileListPaths = (
				"${PODS_ROOT}/Target Support Files/Pods-InstagramCloneFirestore/Pods-InstagramCloneFirestore-frameworks-${CONFIGURATION}-output-files.xcfilelist",
			);
			runOnlyForDeploymentPostprocessing = 0;
			shellPath = /bin/sh;
			shellScript = "\"${PODS_ROOT}/Target Support Files/Pods-InstagramCloneFirestore/Pods-InstagramCloneFirestore-frameworks.sh\"\n";
			showEnvVarsInLog = 0;
		};
		9B47EF542D6EF44136739B3C /* [CP] Check Pods Manifest.lock */ = {
			isa = PBXShellScriptBuildPhase;
			buildActionMask = 2147483647;
			files = (
			);
			inputFileListPaths = (
			);
			inputPaths = (
				"${PODS_PODFILE_DIR_PATH}/Podfile.lock",
				"${PODS_ROOT}/Manifest.lock",
			);
			name = "[CP] Check Pods Manifest.lock";
			outputFileListPaths = (
			);
			outputPaths = (
				"$(DERIVED_FILE_DIR)/Pods-InstagramCloneFirestore-checkManifestLockResult.txt",
			);
			runOnlyForDeploymentPostprocessing = 0;
			shellPath = /bin/sh;
			shellScript = "diff \"${PODS_PODFILE_DIR_PATH}/Podfile.lock\" \"${PODS_ROOT}/Manifest.lock\" > /dev/null\nif [ $? != 0 ] ; then\n    # print error to STDERR\n    echo \"error: The sandbox is not in sync with the Podfile.lock. Run 'pod install' or update your CocoaPods installation.\" >&2\n    exit 1\nfi\n# This output is used by Xcode 'outputs' to avoid re-running this script phase.\necho \"SUCCESS\" > \"${SCRIPT_OUTPUT_FILE_0}\"\n";
			showEnvVarsInLog = 0;
		};
/* End PBXShellScriptBuildPhase section */

/* Begin PBXSourcesBuildPhase section */
		3C74DC042708ECEC00F0D7DB /* Sources */ = {
			isa = PBXSourcesBuildPhase;
			buildActionMask = 2147483647;
			files = (
				3CBD6FD627161B870030F2F3 /* ProfileCell.swift in Sources */,
				3CBD6E8D2711E9DC0030F2F3 /* CustomTextField.swift in Sources */,
				3C3BE0F3272C422B004AB0D8 /* NotificationViewModel.swift in Sources */,
				3C120C6E271B307600164EDA /* UploadPostController.swift in Sources */,
				3CBD6E862711DD8F0030F2F3 /* LoginController.swift in Sources */,
				3C120C832726049500164EDA /* CommentInputAccessoryView.swift in Sources */,
				3C120C8927271E2400164EDA /* Comment.swift in Sources */,
				3CBD6FB42714E89F0030F2F3 /* ImageUploader.swift in Sources */,
				3C74DC372708F05500F0D7DB /* ImageSelectorController.swift in Sources */,
				3CBD6FFC2718B8780030F2F3 /* UserCellViewModel.swift in Sources */,
				3C74DC432708FB6200F0D7DB /* FeedCell.swift in Sources */,
				3C74DC3B2708F08200F0D7DB /* NotificationController.swift in Sources */,
				3CBD6E932711FC0C0030F2F3 /* AuthenticationViewModel.swift in Sources */,
				3CBD6FD927161B9F0030F2F3 /* ProfileHeader.swift in Sources */,
				3C120C7D2725F76600164EDA /* CommentController.swift in Sources */,
				3C74DC342708F01500F0D7DB /* SearchController.swift in Sources */,
				3C74DC0C2708ECEC00F0D7DB /* AppDelegate.swift in Sources */,
				3CBD6FF92717FEA90030F2F3 /* UserCell.swift in Sources */,
				3CE7E38B272D59D800BF540B /* ResetPasswordController.swift in Sources */,
				3C3BE0ED272AE982004AB0D8 /* Notification.swift in Sources */,
				3C74DC472708FC9C00F0D7DB /* Extensions.swift in Sources */,
				3C74DC3E2708F08B00F0D7DB /* ProfileController.swift in Sources */,
				3C120C74271F420000164EDA /* PostService.swift in Sources */,
				3C120C862727186E00164EDA /* CommentService.swift in Sources */,
				3CBD6FDF27162FB00030F2F3 /* UserService.swift in Sources */,
				3C74DC312708F00B00F0D7DB /* FeedController.swift in Sources */,
				3C120C77271F559B00164EDA /* Post.swift in Sources */,
				3CBD6FE227162FEF0030F2F3 /* Constants.swift in Sources */,
				3C3BE0F0272AED28004AB0D8 /* NotificationService.swift in Sources */,
				3C74DC2D2708EDE400F0D7DB /* MainTabController.swift in Sources */,
				3CBD6E8A2711DD9F0030F2F3 /* RegistrationController.swift in Sources */,
				3C74DC0E2708ECEC00F0D7DB /* SceneDelegate.swift in Sources */,
				3C3BE0E8272ADF78004AB0D8 /* NotificationCell.swift in Sources */,
				3C120C7A272352F900164EDA /* PostViewModel.swift in Sources */,
				3CBD6FE82716386B0030F2F3 /* ProfileHeaderViewModel.swift in Sources */,
				3C120C802725F9CE00164EDA /* CommentCell.swift in Sources */,
				3CBD6FB72714E8AD0030F2F3 /* AuthService.swift in Sources */,
				3C120C71271B354300164EDA /* InputTextView.swift in Sources */,
				3C120C8C2727248200164EDA /* CommentViewModel.swift in Sources */,
				3CBD6FE52716322A0030F2F3 /* User.swift in Sources */,
			);
			runOnlyForDeploymentPostprocessing = 0;
		};
/* End PBXSourcesBuildPhase section */

/* Begin PBXVariantGroup section */
		3C74DC162708ECF600F0D7DB /* LaunchScreen.storyboard */ = {
			isa = PBXVariantGroup;
			children = (
				3C74DC172708ECF600F0D7DB /* Base */,
			);
			name = LaunchScreen.storyboard;
			sourceTree = "<group>";
		};
/* End PBXVariantGroup section */

/* Begin XCBuildConfiguration section */
		3C74DC1A2708ECF600F0D7DB /* Debug */ = {
			isa = XCBuildConfiguration;
			buildSettings = {
				ALWAYS_SEARCH_USER_PATHS = NO;
				CLANG_ANALYZER_NONNULL = YES;
				CLANG_ANALYZER_NUMBER_OBJECT_CONVERSION = YES_AGGRESSIVE;
				CLANG_CXX_LANGUAGE_STANDARD = "gnu++14";
				CLANG_CXX_LIBRARY = "libc++";
				CLANG_ENABLE_MODULES = YES;
				CLANG_ENABLE_OBJC_ARC = YES;
				CLANG_ENABLE_OBJC_WEAK = YES;
				CLANG_WARN_BLOCK_CAPTURE_AUTORELEASING = YES;
				CLANG_WARN_BOOL_CONVERSION = YES;
				CLANG_WARN_COMMA = YES;
				CLANG_WARN_CONSTANT_CONVERSION = YES;
				CLANG_WARN_DEPRECATED_OBJC_IMPLEMENTATIONS = YES;
				CLANG_WARN_DIRECT_OBJC_ISA_USAGE = YES_ERROR;
				CLANG_WARN_DOCUMENTATION_COMMENTS = YES;
				CLANG_WARN_EMPTY_BODY = YES;
				CLANG_WARN_ENUM_CONVERSION = YES;
				CLANG_WARN_INFINITE_RECURSION = YES;
				CLANG_WARN_INT_CONVERSION = YES;
				CLANG_WARN_NON_LITERAL_NULL_CONVERSION = YES;
				CLANG_WARN_OBJC_IMPLICIT_RETAIN_SELF = YES;
				CLANG_WARN_OBJC_LITERAL_CONVERSION = YES;
				CLANG_WARN_OBJC_ROOT_CLASS = YES_ERROR;
				CLANG_WARN_QUOTED_INCLUDE_IN_FRAMEWORK_HEADER = YES;
				CLANG_WARN_RANGE_LOOP_ANALYSIS = YES;
				CLANG_WARN_STRICT_PROTOTYPES = YES;
				CLANG_WARN_SUSPICIOUS_MOVE = YES;
				CLANG_WARN_UNGUARDED_AVAILABILITY = YES_AGGRESSIVE;
				CLANG_WARN_UNREACHABLE_CODE = YES;
				CLANG_WARN__DUPLICATE_METHOD_MATCH = YES;
				COPY_PHASE_STRIP = NO;
				DEBUG_INFORMATION_FORMAT = dwarf;
				ENABLE_STRICT_OBJC_MSGSEND = YES;
				ENABLE_TESTABILITY = YES;
				GCC_C_LANGUAGE_STANDARD = gnu11;
				GCC_DYNAMIC_NO_PIC = NO;
				GCC_NO_COMMON_BLOCKS = YES;
				GCC_OPTIMIZATION_LEVEL = 0;
				GCC_PREPROCESSOR_DEFINITIONS = (
					"DEBUG=1",
					"$(inherited)",
				);
				GCC_WARN_64_TO_32_BIT_CONVERSION = YES;
				GCC_WARN_ABOUT_RETURN_TYPE = YES_ERROR;
				GCC_WARN_UNDECLARED_SELECTOR = YES;
				GCC_WARN_UNINITIALIZED_AUTOS = YES_AGGRESSIVE;
				GCC_WARN_UNUSED_FUNCTION = YES;
				GCC_WARN_UNUSED_VARIABLE = YES;
				IPHONEOS_DEPLOYMENT_TARGET = 14.3;
				MTL_ENABLE_DEBUG_INFO = INCLUDE_SOURCE;
				MTL_FAST_MATH = YES;
				ONLY_ACTIVE_ARCH = YES;
				SDKROOT = iphoneos;
				SWIFT_ACTIVE_COMPILATION_CONDITIONS = DEBUG;
				SWIFT_OPTIMIZATION_LEVEL = "-Onone";
			};
			name = Debug;
		};
		3C74DC1B2708ECF600F0D7DB /* Release */ = {
			isa = XCBuildConfiguration;
			buildSettings = {
				ALWAYS_SEARCH_USER_PATHS = NO;
				CLANG_ANALYZER_NONNULL = YES;
				CLANG_ANALYZER_NUMBER_OBJECT_CONVERSION = YES_AGGRESSIVE;
				CLANG_CXX_LANGUAGE_STANDARD = "gnu++14";
				CLANG_CXX_LIBRARY = "libc++";
				CLANG_ENABLE_MODULES = YES;
				CLANG_ENABLE_OBJC_ARC = YES;
				CLANG_ENABLE_OBJC_WEAK = YES;
				CLANG_WARN_BLOCK_CAPTURE_AUTORELEASING = YES;
				CLANG_WARN_BOOL_CONVERSION = YES;
				CLANG_WARN_COMMA = YES;
				CLANG_WARN_CONSTANT_CONVERSION = YES;
				CLANG_WARN_DEPRECATED_OBJC_IMPLEMENTATIONS = YES;
				CLANG_WARN_DIRECT_OBJC_ISA_USAGE = YES_ERROR;
				CLANG_WARN_DOCUMENTATION_COMMENTS = YES;
				CLANG_WARN_EMPTY_BODY = YES;
				CLANG_WARN_ENUM_CONVERSION = YES;
				CLANG_WARN_INFINITE_RECURSION = YES;
				CLANG_WARN_INT_CONVERSION = YES;
				CLANG_WARN_NON_LITERAL_NULL_CONVERSION = YES;
				CLANG_WARN_OBJC_IMPLICIT_RETAIN_SELF = YES;
				CLANG_WARN_OBJC_LITERAL_CONVERSION = YES;
				CLANG_WARN_OBJC_ROOT_CLASS = YES_ERROR;
				CLANG_WARN_QUOTED_INCLUDE_IN_FRAMEWORK_HEADER = YES;
				CLANG_WARN_RANGE_LOOP_ANALYSIS = YES;
				CLANG_WARN_STRICT_PROTOTYPES = YES;
				CLANG_WARN_SUSPICIOUS_MOVE = YES;
				CLANG_WARN_UNGUARDED_AVAILABILITY = YES_AGGRESSIVE;
				CLANG_WARN_UNREACHABLE_CODE = YES;
				CLANG_WARN__DUPLICATE_METHOD_MATCH = YES;
				COPY_PHASE_STRIP = NO;
				DEBUG_INFORMATION_FORMAT = "dwarf-with-dsym";
				ENABLE_NS_ASSERTIONS = NO;
				ENABLE_STRICT_OBJC_MSGSEND = YES;
				GCC_C_LANGUAGE_STANDARD = gnu11;
				GCC_NO_COMMON_BLOCKS = YES;
				GCC_WARN_64_TO_32_BIT_CONVERSION = YES;
				GCC_WARN_ABOUT_RETURN_TYPE = YES_ERROR;
				GCC_WARN_UNDECLARED_SELECTOR = YES;
				GCC_WARN_UNINITIALIZED_AUTOS = YES_AGGRESSIVE;
				GCC_WARN_UNUSED_FUNCTION = YES;
				GCC_WARN_UNUSED_VARIABLE = YES;
				IPHONEOS_DEPLOYMENT_TARGET = 14.3;
				MTL_ENABLE_DEBUG_INFO = NO;
				MTL_FAST_MATH = YES;
				SDKROOT = iphoneos;
				SWIFT_COMPILATION_MODE = wholemodule;
				SWIFT_OPTIMIZATION_LEVEL = "-O";
				VALIDATE_PRODUCT = YES;
			};
			name = Release;
		};
		3C74DC1D2708ECF600F0D7DB /* Debug */ = {
			isa = XCBuildConfiguration;
			baseConfigurationReference = 0F9E76E22FC0FDB629AE7330 /* Pods-InstagramCloneFirestore.debug.xcconfig */;
			buildSettings = {
				ASSETCATALOG_COMPILER_APPICON_NAME = AppIcon;
				ASSETCATALOG_COMPILER_GLOBAL_ACCENT_COLOR_NAME = AccentColor;
				CODE_SIGN_STYLE = Automatic;
				DEVELOPMENT_TEAM = 2VVNCY5AAT;
				INFOPLIST_FILE = InstagramCloneFirestore/Info.plist;
				IPHONEOS_DEPLOYMENT_TARGET = 13.0;
				LD_RUNPATH_SEARCH_PATHS = (
					"$(inherited)",
					"@executable_path/Frameworks",
				);
				PRODUCT_BUNDLE_IDENTIFIER = com.caleb.InstagramCloneFirestore;
				PRODUCT_NAME = "$(TARGET_NAME)";
				SWIFT_VERSION = 5.0;
				TARGETED_DEVICE_FAMILY = 1;
			};
			name = Debug;
		};
		3C74DC1E2708ECF600F0D7DB /* Release */ = {
			isa = XCBuildConfiguration;
			baseConfigurationReference = F91DBC3E93255FB03F28EC0C /* Pods-InstagramCloneFirestore.release.xcconfig */;
			buildSettings = {
				ASSETCATALOG_COMPILER_APPICON_NAME = AppIcon;
				ASSETCATALOG_COMPILER_GLOBAL_ACCENT_COLOR_NAME = AccentColor;
				CODE_SIGN_STYLE = Automatic;
				DEVELOPMENT_TEAM = 2VVNCY5AAT;
				INFOPLIST_FILE = InstagramCloneFirestore/Info.plist;
				IPHONEOS_DEPLOYMENT_TARGET = 13.0;
				LD_RUNPATH_SEARCH_PATHS = (
					"$(inherited)",
					"@executable_path/Frameworks",
				);
				PRODUCT_BUNDLE_IDENTIFIER = com.caleb.InstagramCloneFirestore;
				PRODUCT_NAME = "$(TARGET_NAME)";
				SWIFT_VERSION = 5.0;
				TARGETED_DEVICE_FAMILY = 1;
			};
			name = Release;
		};
/* End XCBuildConfiguration section */

/* Begin XCConfigurationList section */
		3C74DC032708ECEC00F0D7DB /* Build configuration list for PBXProject "InstagramCloneFirestore" */ = {
			isa = XCConfigurationList;
			buildConfigurations = (
				3C74DC1A2708ECF600F0D7DB /* Debug */,
				3C74DC1B2708ECF600F0D7DB /* Release */,
			);
			defaultConfigurationIsVisible = 0;
			defaultConfigurationName = Release;
		};
		3C74DC1C2708ECF600F0D7DB /* Build configuration list for PBXNativeTarget "InstagramCloneFirestore" */ = {
			isa = XCConfigurationList;
			buildConfigurations = (
				3C74DC1D2708ECF600F0D7DB /* Debug */,
				3C74DC1E2708ECF600F0D7DB /* Release */,
			);
			defaultConfigurationIsVisible = 0;
			defaultConfigurationName = Release;
		};
/* End XCConfigurationList section */
	};
	rootObject = 3C74DC002708ECEC00F0D7DB /* Project object */;
}
